
Microsoft Visual Studio Solution File, Format Version 12.00
# Visual Studio Version 17
VisualStudioVersion = 17.3.32922.545
MinimumVisualStudioVersion = 10.0.40219.1
Project("{FAE04EC0-301F-11D3-BF4B-00C04F79EFBC}") = "MvcMovie", "MvcMovie.csproj", "{AA8B14CE-6638-40C1-BDE9-04299053A01A}"
EndProject
Global
	GlobalSection(SolutionConfigurationPlatforms) = preSolution
		Debug|Any CPU = Debug|Any CPU
		Release|Any CPU = Release|Any CPU
	EndGlobalSection
	GlobalSection(ProjectConfigurationPlatforms) = postSolution
		{AA8B14CE-6638-40C1-BDE9-04299053A01A}.Debug|Any CPU.ActiveCfg = Debug|Any CPU
		{AA8B14CE-6638-40C1-BDE9-04299053A01A}.Debug|Any CPU.Build.0 = Debug|Any CPU
		{AA8B14CE-6638-40C1-BDE9-04299053A01A}.Release|Any CPU.ActiveCfg = Release|Any CPU
		{AA8B14CE-6638-40C1-BDE9-04299053A01A}.Release|Any CPU.Build.0 = Release|Any CPU
	EndGlobalSection
	GlobalSection(SolutionProperties) = preSolution
		HideSolutionNode = FALSE
	EndGlobalSection
	GlobalSection(ExtensibilityGlobals) = postSolution
		SolutionGuid = {90EADABB-C8EC-4D44-ABD9-9378925C1F80}
	EndGlobalSection
EndGlobal
